
Microsoft Visual Studio Solution File, Format Version 12.00
# Visual Studio Version 17
VisualStudioVersion = 17.2.32630.192
MinimumVisualStudioVersion = 10.0.40219.1
Project("{FAE04EC0-301F-11D3-BF4B-00C04F79EFBC}") = "BlazorGoogle.Server", "BlazorGoogle\Server\BlazorGoogle.Server.csproj", "{FE1B6D34-0C6C-4CAF-AFEB-E1ED9994CF40}"
EndProject
Project("{FAE04EC0-301F-11D3-BF4B-00C04F79EFBC}") = "BlazorGoogle.Client", "BlazorGoogle\Client\BlazorGoogle.Client.csproj", "{5841A2E5-36DA-4229-819E-6D8EEE09ED86}"
EndProject
Project("{FAE04EC0-301F-11D3-BF4B-00C04F79EFBC}") = "BlazorGoogle.Shared", "BlazorGoogle\Shared\BlazorGoogle.Shared.csproj", "{6A078997-9513-46FA-9282-8797CA18E9A1}"
EndProject
Global
	GlobalSection(SolutionConfigurationPlatforms) = preSolution
		Debug|Any CPU = Debug|Any CPU
		Release|Any CPU = Release|Any CPU
	EndGlobalSection
	GlobalSection(ProjectConfigurationPlatforms) = postSolution
		{FE1B6D34-0C6C-4CAF-AFEB-E1ED9994CF40}.Debug|Any CPU.ActiveCfg = Debug|Any CPU
		{FE1B6D34-0C6C-4CAF-AFEB-E1ED9994CF40}.Debug|Any CPU.Build.0 = Debug|Any CPU
		{FE1B6D34-0C6C-4CAF-AFEB-E1ED9994CF40}.Release|Any CPU.ActiveCfg = Release|Any CPU
		{FE1B6D34-0C6C-4CAF-AFEB-E1ED9994CF40}.Release|Any CPU.Build.0 = Release|Any CPU
		{5841A2E5-36DA-4229-819E-6D8EEE09ED86}.Debug|Any CPU.ActiveCfg = Debug|Any CPU
		{5841A2E5-36DA-4229-819E-6D8EEE09ED86}.Debug|Any CPU.Build.0 = Debug|Any CPU
		{5841A2E5-36DA-4229-819E-6D8EEE09ED86}.Release|Any CPU.ActiveCfg = Release|Any CPU
		{5841A2E5-36DA-4229-819E-6D8EEE09ED86}.Release|Any CPU.Build.0 = Release|Any CPU
		{6A078997-9513-46FA-9282-8797CA18E9A1}.Debug|Any CPU.ActiveCfg = Debug|Any CPU
		{6A078997-9513-46FA-9282-8797CA18E9A1}.Debug|Any CPU.Build.0 = Debug|Any CPU
		{6A078997-9513-46FA-9282-8797CA18E9A1}.Release|Any CPU.ActiveCfg = Release|Any CPU
		{6A078997-9513-46FA-9282-8797CA18E9A1}.Release|Any CPU.Build.0 = Release|Any CPU
	EndGlobalSection
	GlobalSection(SolutionProperties) = preSolution
		HideSolutionNode = FALSE
	EndGlobalSection
	GlobalSection(ExtensibilityGlobals) = postSolution
		SolutionGuid = {A6C5DEA4-5595-4081-8900-D6F924EBDD2D}
	EndGlobalSection
EndGlobal
